
Microsoft Visual Studio Solution File, Format Version 12.00
# Visual Studio Version 17
VisualStudioVersion = 17.14.36811.4 d17.14
MinimumVisualStudioVersion = 10.0.40219.1
Project("{FAE04EC0-301F-11D3-BF4B-00C04F79EFBC}") = "Ksiazki4DKonsola", "Ksiazki4DKonsola\Ksiazki4DKonsola.csproj", "{FDF4B5F7-7690-44C3-86F1-54BC0750EDED}"
EndProject
Global
	GlobalSection(SolutionConfigurationPlatforms) = preSolution
		Debug|Any CPU = Debug|Any CPU
		Release|Any CPU = Release|Any CPU
	EndGlobalSection
	GlobalSection(ProjectConfigurationPlatforms) = postSolution
		{FDF4B5F7-7690-44C3-86F1-54BC0750EDED}.Debug|Any CPU.ActiveCfg = Debug|Any CPU
		{FDF4B5F7-7690-44C3-86F1-54BC0750EDED}.Debug|Any CPU.Build.0 = Debug|Any CPU
		{FDF4B5F7-7690-44C3-86F1-54BC0750EDED}.Release|Any CPU.ActiveCfg = Release|Any CPU
		{FDF4B5F7-7690-44C3-86F1-54BC0750EDED}.Release|Any CPU.Build.0 = Release|Any CPU
	EndGlobalSection
	GlobalSection(SolutionProperties) = preSolution
		HideSolutionNode = FALSE
	EndGlobalSection
	GlobalSection(ExtensibilityGlobals) = postSolution
		SolutionGuid = {6159EEDE-C988-47C2-8A42-9844E5884159}
	EndGlobalSection
EndGlobal
